
Microsoft Visual Studio Solution File, Format Version 12.00
# Visual Studio Version 17
VisualStudioVersion = 17.10.35122.118
MinimumVisualStudioVersion = 10.0.40219.1
Project("{FAE04EC0-301F-11D3-BF4B-00C04F79EFBC}") = "PartyInvites", "PartyInvites\PartyInvites.csproj", "{B2ABA17E-34C8-4A7D-8BC2-56D48FB853EE}"
EndProject
Global
	GlobalSection(SolutionConfigurationPlatforms) = preSolution
		Debug|Any CPU = Debug|Any CPU
		Release|Any CPU = Release|Any CPU
	EndGlobalSection
	GlobalSection(ProjectConfigurationPlatforms) = postSolution
		{B2ABA17E-34C8-4A7D-8BC2-56D48FB853EE}.Debug|Any CPU.ActiveCfg = Debug|Any CPU
		{B2ABA17E-34C8-4A7D-8BC2-56D48FB853EE}.Debug|Any CPU.Build.0 = Debug|Any CPU
		{B2ABA17E-34C8-4A7D-8BC2-56D48FB853EE}.Release|Any CPU.ActiveCfg = Release|Any CPU
		{B2ABA17E-34C8-4A7D-8BC2-56D48FB853EE}.Release|Any CPU.Build.0 = Release|Any CPU
	EndGlobalSection
	GlobalSection(SolutionProperties) = preSolution
		HideSolutionNode = FALSE
	EndGlobalSection
	GlobalSection(ExtensibilityGlobals) = postSolution
		SolutionGuid = {FFDF5EC4-360D-4ADD-966C-5B9699A33C62}
	EndGlobalSection
EndGlobal
